
Microsoft Visual Studio Solution File, Format Version 12.00
# Visual Studio Version 16
VisualStudioVersion = 16.0.30717.126
MinimumVisualStudioVersion = 10.0.40219.1
Project("{9A19103F-16F7-4668-BE54-9A1E7A4F7556}") = "SportAPI", "SportAPI_1.0\SportAPI.csproj", "{9C17E7C9-D020-4482-A408-E51BF3C23C15}"
EndProject
Global
	GlobalSection(SolutionConfigurationPlatforms) = preSolution
		Debug|Any CPU = Debug|Any CPU
		Release|Any CPU = Release|Any CPU
	EndGlobalSection
	GlobalSection(ProjectConfigurationPlatforms) = postSolution
		{9C17E7C9-D020-4482-A408-E51BF3C23C15}.Debug|Any CPU.ActiveCfg = Debug|Any CPU
		{9C17E7C9-D020-4482-A408-E51BF3C23C15}.Debug|Any CPU.Build.0 = Debug|Any CPU
		{9C17E7C9-D020-4482-A408-E51BF3C23C15}.Release|Any CPU.ActiveCfg = Release|Any CPU
		{9C17E7C9-D020-4482-A408-E51BF3C23C15}.Release|Any CPU.Build.0 = Release|Any CPU
	EndGlobalSection
	GlobalSection(SolutionProperties) = preSolution
		HideSolutionNode = FALSE
	EndGlobalSection
	GlobalSection(ExtensibilityGlobals) = postSolution
		SolutionGuid = {B757E4F2-D616-40BE-8B69-C63B510AF535}
	EndGlobalSection
EndGlobal
